<?xml version="1.0" encoding="utf-8"?>
<Project ToolsVersion="4.0" xmlns="http://schemas.microsoft.com/developer/msbuild/2003">
  <ItemGroup>
    <Filter Include="源文件">
      <UniqueIdentifier>{4FC737F1-C7A5-4376-A066-2A32D752A2FF}</UniqueIdentifier>
      <Extensions>cpp;c;cc;cxx;def;odl;idl;hpj;bat;asm;asmx</Extensions>
    </Filter>
    <Filter Include="头文件">
      <UniqueIdentifier>{93995380-89BD-4b04-88EB-625FBE52EBFB}</UniqueIdentifier>
      <Extensions>h;hh;hpp;hxx;hm;inl;inc;xsd</Extensions>
    </Filter>
    <Filter Include="资源文件">
      <UniqueIdentifier>{67DA6AB6-F800-4c08-8B7A-83BB121AAD01}</UniqueIdentifier>
      <Extensions>rc;ico;cur;bmp;dlg;rc2;rct;bin;rgs;gif;jpg;jpeg;jpe;resx;tiff;tif;png;wav;mfcribbon-ms</Extensions>
    </Filter>
    <Filter Include="Common">
      <UniqueIdentifier>{8b2599fc-3b50-4c66-a20d-4d3bd51ea027}</UniqueIdentifier>
    </Filter>
    <Filter Include="Util">
      <UniqueIdentifier>{15432404-035e-431e-86dd-0d7401cdbbc5}</UniqueIdentifier>
    </Filter>
  </ItemGroup>
  <ItemGroup>
    <Text Include="ReadMe.txt" />
  </ItemGroup>
  <ItemGroup>
    <ClCompile Include="AppWheelChair.cpp">
      <Filter>源文件</Filter>
    </ClCompile>
    <ClCompile Include="stdafx.cpp">
      <Filter>源文件</Filter>
    </ClCompile>
    <ClCompile Include="WheelChair.cpp">
      <Filter>源文件</Filter>
    </ClCompile>
    <ClCompile Include="WconfigDlg.cpp">
      <Filter>源文件</Filter>
    </ClCompile>
    <ClCompile Include="tchart1.cpp">
      <Filter>源文件</Filter>
    </ClCompile>
    <ClCompile Include="mscomm1.cpp">
      <Filter>源文件</Filter>
    </ClCompile>
    <ClCompile Include="GyroDlg.cpp">
      <Filter>源文件</Filter>
    </ClCompile>
    <ClCompile Include="DigiUtil.cpp">
      <Filter>源文件</Filter>
    </ClCompile>
    <ClCompile Include="Digistring.cpp">
      <Filter>源文件</Filter>
    </ClCompile>
    <ClCompile Include="Curvefit.cpp">
      <Filter>源文件</Filter>
    </ClCompile>
    <ClCompile Include="..\Common\BaseAppWnd.cpp">
      <Filter>Common</Filter>
    </ClCompile>
    <ClCompile Include="..\Common\Streamoper.cpp">
      <Filter>Common</Filter>
    </ClCompile>
    <ClCompile Include="..\Common\Stringoper.cpp">
      <Filter>Common</Filter>
    </ClCompile>
    <ClCompile Include="..\Util\CommonUtile.cpp">
      <Filter>Util</Filter>
    </ClCompile>
    <ClCompile Include="..\Util\ExtWndShadow.cpp">
      <Filter>Util</Filter>
    </ClCompile>
    <ClCompile Include="..\Common\ManagedData.cpp">
      <Filter>Common</Filter>
    </ClCompile>
    <ClCompile Include="SignalView.cpp">
      <Filter>源文件</Filter>
    </ClCompile>
    <ClCompile Include="WheelChairShow.cpp">
      <Filter>源文件</Filter>
    </ClCompile>
  </ItemGroup>
  <ItemGroup>
    <ClInclude Include="AppWheelChair.h">
      <Filter>头文件</Filter>
    </ClInclude>
    <ClInclude Include="stdafx.h">
      <Filter>头文件</Filter>
    </ClInclude>
    <ClInclude Include="targetver.h">
      <Filter>头文件</Filter>
    </ClInclude>
    <ClInclude Include="CSeries.h">
      <Filter>头文件</Filter>
    </ClInclude>
    <ClInclude Include="Curvefit.h">
      <Filter>头文件</Filter>
    </ClInclude>
    <ClInclude Include="Digistring.h">
      <Filter>头文件</Filter>
    </ClInclude>
    <ClInclude Include="DigiUtil.h">
      <Filter>头文件</Filter>
    </ClInclude>
    <ClInclude Include="GyroDlg.h">
      <Filter>头文件</Filter>
    </ClInclude>
    <ClInclude Include="MemDC.h">
      <Filter>头文件</Filter>
    </ClInclude>
    <ClInclude Include="mscomm1.h">
      <Filter>头文件</Filter>
    </ClInclude>
    <ClInclude Include="tchart1.h">
      <Filter>头文件</Filter>
    </ClInclude>
    <ClInclude Include="WconfigDlg.h">
      <Filter>头文件</Filter>
    </ClInclude>
    <ClInclude Include="WheelChair.h">
      <Filter>头文件</Filter>
    </ClInclude>
    <ClInclude Include="..\Common\BaseAppWnd.h">
      <Filter>Common</Filter>
    </ClInclude>
    <ClInclude Include="..\Common\IAppMsg.h">
      <Filter>Common</Filter>
    </ClInclude>
    <ClInclude Include="..\Common\Streamoper.h">
      <Filter>Common</Filter>
    </ClInclude>
    <ClInclude Include="..\Common\Stringoper.h">
      <Filter>Common</Filter>
    </ClInclude>
    <ClInclude Include="..\Common\Structdefine.h">
      <Filter>Common</Filter>
    </ClInclude>
    <ClInclude Include="..\Util\CommonUtile.h">
      <Filter>Util</Filter>
    </ClInclude>
    <ClInclude Include="..\Util\ExtWndShadow.h">
      <Filter>Util</Filter>
    </ClInclude>
    <ClInclude Include="..\Common\ManagedData.h">
      <Filter>Common</Filter>
    </ClInclude>
    <ClInclude Include="Rgbcolor.h">
      <Filter>头文件</Filter>
    </ClInclude>
    <ClInclude Include="SignalView.h">
      <Filter>头文件</Filter>
    </ClInclude>
    <ClInclude Include="resource.h">
      <Filter>头文件</Filter>
    </ClInclude>
    <ClInclude Include="WheelChairShow.h">
      <Filter>头文件</Filter>
    </ClInclude>
  </ItemGroup>
  <ItemGroup>
    <None Include="AppWheelChair.def">
      <Filter>源文件</Filter>
    </None>
    <None Include="res\AppWheelChair.rc2">
      <Filter>资源文件</Filter>
    </None>
  </ItemGroup>
  <ItemGroup>
    <ResourceCompile Include="AppWheelChair.rc">
      <Filter>资源文件</Filter>
    </ResourceCompile>
  </ItemGroup>
</Project>