
Microsoft Visual Studio Solution File, Format Version 12.00
# Visual Studio 2013
VisualStudioVersion = 12.0.21005.1
MinimumVisualStudioVersion = 10.0.40219.1
Project("{8BC9CEB8-8B4A-11D0-8D11-00A0C91BC942}") = "CoreModel", "CoreModel\CoreModel.vcxproj", "{9DC50B35-C1E1-40D0-A255-D9F2F3F4E8C1}"
	ProjectSection(ProjectDependencies) = postProject
		{54BDFB19-99FE-41F5-9869-6BB997C2491B} = {54BDFB19-99FE-41F5-9869-6BB997C2491B}
		{08AB161E-8037-4E04-BCF4-ABA48A7EEBCB} = {08AB161E-8037-4E04-BCF4-ABA48A7EEBCB}
		{5D357560-4B6E-4373-B461-30AD7B31DEC6} = {5D357560-4B6E-4373-B461-30AD7B31DEC6}
		{92725771-35F6-42F9-98B1-6FC89B8A43A5} = {92725771-35F6-42F9-98B1-6FC89B8A43A5}
		{42D33A9B-F5E5-43F8-8F32-7BBCF7D0DB4E} = {42D33A9B-F5E5-43F8-8F32-7BBCF7D0DB4E}
		{F03D0F9E-9986-4C7C-8C99-6A0E5D4D3ACC} = {F03D0F9E-9986-4C7C-8C99-6A0E5D4D3ACC}
		{9A8680AB-180B-4213-B385-920F3C0E189D} = {9A8680AB-180B-4213-B385-920F3C0E189D}
		{969782E7-F7F0-4C8D-8119-B0FE754ABA03} = {969782E7-F7F0-4C8D-8119-B0FE754ABA03}
		{7E990BF6-3E5A-4A1B-9FC7-017BBB278B65} = {7E990BF6-3E5A-4A1B-9FC7-017BBB278B65}
	EndProjectSection
EndProject
Project("{8BC9CEB8-8B4A-11D0-8D11-00A0C91BC942}") = "EmotivReader", "EmotivReader\EmotivReader.vcxproj", "{5D357560-4B6E-4373-B461-30AD7B31DEC6}"
EndProject
Project("{8BC9CEB8-8B4A-11D0-8D11-00A0C91BC942}") = "FileReader", "FileReader\FileReader.vcxproj", "{200B7BB8-D3BE-4A90-84E1-DAF9B734E1E6}"
EndProject
Project("{8BC9CEB8-8B4A-11D0-8D11-00A0C91BC942}") = "gMOBILabPlusReader", "gMOBILabPlusReader\gMOBILabPlusReader.vcxproj", "{0283BB95-9E0D-4BA9-AACB-884CDF9952A3}"
EndProject
Project("{8BC9CEB8-8B4A-11D0-8D11-00A0C91BC942}") = "GtecReader", "GtecReader\GtecReader.vcxproj", "{C64BF73B-CF9D-4BA1-BEB0-120CAB867BFC}"
EndProject
Project("{8BC9CEB8-8B4A-11D0-8D11-00A0C91BC942}") = "MyDateReader", "MyDateReader\MyDateReader.vcxproj", "{66BB81FF-13F2-4D66-8E7E-E9516EF7821F}"
EndProject
Project("{8BC9CEB8-8B4A-11D0-8D11-00A0C91BC942}") = "MatrixBase", "MatrixBase\MatrixBase.vcxproj", "{4DC39D35-73FD-43CA-898A-803DCD00FF4B}"
EndProject
Project("{8BC9CEB8-8B4A-11D0-8D11-00A0C91BC942}") = "Arithmetic", "Arithmetic\Arithmetic.vcxproj", "{1496DCC8-33B6-DDB8-6AD9-2799EDB69DF2}"
EndProject
Project("{2150E333-8FDC-42A3-9474-1A3956D46DE8}") = "ReadDevice", "ReadDevice", "{A556A84F-A9A7-48BC-AC55-E8290333B5FB}"
EndProject
Project("{2150E333-8FDC-42A3-9474-1A3956D46DE8}") = "Algorithm", "Algorithm", "{9598C5A2-2501-4802-AEB9-8981220AA618}"
EndProject
Project("{2150E333-8FDC-42A3-9474-1A3956D46DE8}") = "FANN", "FANN", "{A8D40A0E-51F2-49E8-876B-157C29C87507}"
EndProject
Project("{8BC9CEB8-8B4A-11D0-8D11-00A0C91BC942}") = "fannfloat", "Arithmetic\FANN\FANN\fannfloat\fannfloat.vcxproj", "{2F0EC4B6-B3F8-4A05-A884-B935E82E1390}"
EndProject
Project("{8BC9CEB8-8B4A-11D0-8D11-00A0C91BC942}") = "fannfixed", "Arithmetic\FANN\FANN\fannfixed\fannfixed.vcxproj", "{80EE4A35-E029-4E6E-914D-899D409F40DF}"
EndProject
Project("{8BC9CEB8-8B4A-11D0-8D11-00A0C91BC942}") = "fanndouble", "Arithmetic\FANN\FANN\fanndouble\fanndouble.vcxproj", "{7FFD0423-9EE1-4CB9-AAF0-6FC5F82535FF}"
EndProject
Project("{2150E333-8FDC-42A3-9474-1A3956D46DE8}") = "TrainModel", "TrainModel", "{BCE2B4E5-4D59-4EC4-92CE-06BF37923BE0}"
EndProject
Project("{2150E333-8FDC-42A3-9474-1A3956D46DE8}") = "EEGViewer", "EEGViewer", "{F37BEB8E-A8F3-47E2-BED1-A2E30BB64706}"
EndProject
Project("{8BC9CEB8-8B4A-11D0-8D11-00A0C91BC942}") = "SVMArth", "SVMArth\SVMArth.vcxproj", "{8F8CEC3C-A384-43A0-9577-FDCD6B430768}"
EndProject
Project("{8BC9CEB8-8B4A-11D0-8D11-00A0C91BC942}") = "BiteThroldTrain", "BiteThroldTrain\BiteThroldTrain.vcxproj", "{92725771-35F6-42F9-98B1-6FC89B8A43A5}"
EndProject
Project("{2150E333-8FDC-42A3-9474-1A3956D46DE8}") = "App", "App", "{9EDC91AA-D36D-4FCE-AA72-FA0212CC7A5E}"
EndProject
Project("{8BC9CEB8-8B4A-11D0-8D11-00A0C91BC942}") = "AppChars", "AppChars\AppChars.vcxproj", "{39F3B674-77A3-4F55-A634-9432B961C097}"
EndProject
Project("{8BC9CEB8-8B4A-11D0-8D11-00A0C91BC942}") = "ClassifyTrain", "ClassifyTrain\ClassifyTrain.vcxproj", "{54BDFB19-99FE-41F5-9869-6BB997C2491B}"
EndProject
Project("{8BC9CEB8-8B4A-11D0-8D11-00A0C91BC942}") = "TLTrain", "TLTrain\TLTrain.vcxproj", "{9A8680AB-180B-4213-B385-920F3C0E189D}"
	ProjectSection(ProjectDependencies) = postProject
		{969782E7-F7F0-4C8D-8119-B0FE754ABA03} = {969782E7-F7F0-4C8D-8119-B0FE754ABA03}
	EndProjectSection
EndProject
Project("{8BC9CEB8-8B4A-11D0-8D11-00A0C91BC942}") = "HLTrain", "HLTrain\HLTrain.vcxproj", "{7E990BF6-3E5A-4A1B-9FC7-017BBB278B65}"
EndProject
Project("{8BC9CEB8-8B4A-11D0-8D11-00A0C91BC942}") = "TLDetec", "TLDetec\TLDetec.vcxproj", "{969782E7-F7F0-4C8D-8119-B0FE754ABA03}"
EndProject
Project("{FAE04EC0-301F-11D3-BF4B-00C04F79EFBC}") = "SerialPort", "SerialPort\SerialPort.csproj", "{42D33A9B-F5E5-43F8-8F32-7BBCF7D0DB4E}"
EndProject
Project("{8BC9CEB8-8B4A-11D0-8D11-00A0C91BC942}") = "AppNumbers", "AppNumbers\AppNumbers.vcxproj", "{017E5ED8-6E9A-402D-A1B0-0B9EDF3AFAE4}"
EndProject
Project("{8BC9CEB8-8B4A-11D0-8D11-00A0C91BC942}") = "StatnderView", "StatnderView\StatnderView.vcxproj", "{08AB161E-8037-4E04-BCF4-ABA48A7EEBCB}"
EndProject
Project("{8BC9CEB8-8B4A-11D0-8D11-00A0C91BC942}") = "AppWheelChair", "AppWheelChair\AppWheelChair.vcxproj", "{F03D0F9E-9986-4C7C-8C99-6A0E5D4D3ACC}"
EndProject
Global
	GlobalSection(SolutionConfigurationPlatforms) = preSolution
		Debug|Any CPU = Debug|Any CPU
		Debug|Mixed Platforms = Debug|Mixed Platforms
		Debug|Win32 = Debug|Win32
		Release|Any CPU = Release|Any CPU
		Release|Mixed Platforms = Release|Mixed Platforms
		Release|Win32 = Release|Win32
	EndGlobalSection
	GlobalSection(ProjectConfigurationPlatforms) = postSolution
		{9DC50B35-C1E1-40D0-A255-D9F2F3F4E8C1}.Debug|Any CPU.ActiveCfg = Debug|Win32
		{9DC50B35-C1E1-40D0-A255-D9F2F3F4E8C1}.Debug|Mixed Platforms.ActiveCfg = Debug|Win32
		{9DC50B35-C1E1-40D0-A255-D9F2F3F4E8C1}.Debug|Mixed Platforms.Build.0 = Debug|Win32
		{9DC50B35-C1E1-40D0-A255-D9F2F3F4E8C1}.Debug|Win32.ActiveCfg = Debug|Win32
		{9DC50B35-C1E1-40D0-A255-D9F2F3F4E8C1}.Debug|Win32.Build.0 = Debug|Win32
		{9DC50B35-C1E1-40D0-A255-D9F2F3F4E8C1}.Release|Any CPU.ActiveCfg = Release|Win32
		{9DC50B35-C1E1-40D0-A255-D9F2F3F4E8C1}.Release|Mixed Platforms.ActiveCfg = Release|Win32
		{9DC50B35-C1E1-40D0-A255-D9F2F3F4E8C1}.Release|Mixed Platforms.Build.0 = Release|Win32
		{9DC50B35-C1E1-40D0-A255-D9F2F3F4E8C1}.Release|Win32.ActiveCfg = Release|Win32
		{9DC50B35-C1E1-40D0-A255-D9F2F3F4E8C1}.Release|Win32.Build.0 = Release|Win32
		{5D357560-4B6E-4373-B461-30AD7B31DEC6}.Debug|Any CPU.ActiveCfg = Debug|Win32
		{5D357560-4B6E-4373-B461-30AD7B31DEC6}.Debug|Mixed Platforms.ActiveCfg = Debug|Win32
		{5D357560-4B6E-4373-B461-30AD7B31DEC6}.Debug|Mixed Platforms.Build.0 = Debug|Win32
		{5D357560-4B6E-4373-B461-30AD7B31DEC6}.Debug|Win32.ActiveCfg = Debug|Win32
		{5D357560-4B6E-4373-B461-30AD7B31DEC6}.Debug|Win32.Build.0 = Debug|Win32
		{5D357560-4B6E-4373-B461-30AD7B31DEC6}.Release|Any CPU.ActiveCfg = Release|Win32
		{5D357560-4B6E-4373-B461-30AD7B31DEC6}.Release|Mixed Platforms.ActiveCfg = Release|Win32
		{5D357560-4B6E-4373-B461-30AD7B31DEC6}.Release|Mixed Platforms.Build.0 = Release|Win32
		{5D357560-4B6E-4373-B461-30AD7B31DEC6}.Release|Win32.ActiveCfg = Release|Win32
		{5D357560-4B6E-4373-B461-30AD7B31DEC6}.Release|Win32.Build.0 = Release|Win32
		{200B7BB8-D3BE-4A90-84E1-DAF9B734E1E6}.Debug|Any CPU.ActiveCfg = Debug|Win32
		{200B7BB8-D3BE-4A90-84E1-DAF9B734E1E6}.Debug|Mixed Platforms.ActiveCfg = Debug|Win32
		{200B7BB8-D3BE-4A90-84E1-DAF9B734E1E6}.Debug|Mixed Platforms.Build.0 = Debug|Win32
		{200B7BB8-D3BE-4A90-84E1-DAF9B734E1E6}.Debug|Win32.ActiveCfg = Debug|Win32
		{200B7BB8-D3BE-4A90-84E1-DAF9B734E1E6}.Debug|Win32.Build.0 = Debug|Win32
		{200B7BB8-D3BE-4A90-84E1-DAF9B734E1E6}.Release|Any CPU.ActiveCfg = Release|Win32
		{200B7BB8-D3BE-4A90-84E1-DAF9B734E1E6}.Release|Mixed Platforms.ActiveCfg = Release|Win32
		{200B7BB8-D3BE-4A90-84E1-DAF9B734E1E6}.Release|Mixed Platforms.Build.0 = Release|Win32
		{200B7BB8-D3BE-4A90-84E1-DAF9B734E1E6}.Release|Win32.ActiveCfg = Release|Win32
		{200B7BB8-D3BE-4A90-84E1-DAF9B734E1E6}.Release|Win32.Build.0 = Release|Win32
		{0283BB95-9E0D-4BA9-AACB-884CDF9952A3}.Debug|Any CPU.ActiveCfg = Debug|Win32
		{0283BB95-9E0D-4BA9-AACB-884CDF9952A3}.Debug|Mixed Platforms.ActiveCfg = Debug|Win32
		{0283BB95-9E0D-4BA9-AACB-884CDF9952A3}.Debug|Mixed Platforms.Build.0 = Debug|Win32
		{0283BB95-9E0D-4BA9-AACB-884CDF9952A3}.Debug|Win32.ActiveCfg = Debug|Win32
		{0283BB95-9E0D-4BA9-AACB-884CDF9952A3}.Debug|Win32.Build.0 = Debug|Win32
		{0283BB95-9E0D-4BA9-AACB-884CDF9952A3}.Release|Any CPU.ActiveCfg = Release|Win32
		{0283BB95-9E0D-4BA9-AACB-884CDF9952A3}.Release|Mixed Platforms.ActiveCfg = Release|Win32
		{0283BB95-9E0D-4BA9-AACB-884CDF9952A3}.Release|Mixed Platforms.Build.0 = Release|Win32
		{0283BB95-9E0D-4BA9-AACB-884CDF9952A3}.Release|Win32.ActiveCfg = Release|Win32
		{0283BB95-9E0D-4BA9-AACB-884CDF9952A3}.Release|Win32.Build.0 = Release|Win32
		{C64BF73B-CF9D-4BA1-BEB0-120CAB867BFC}.Debug|Any CPU.ActiveCfg = Debug|Win32
		{C64BF73B-CF9D-4BA1-BEB0-120CAB867BFC}.Debug|Mixed Platforms.ActiveCfg = Debug|Win32
		{C64BF73B-CF9D-4BA1-BEB0-120CAB867BFC}.Debug|Mixed Platforms.Build.0 = Debug|Win32
		{C64BF73B-CF9D-4BA1-BEB0-120CAB867BFC}.Debug|Win32.ActiveCfg = Debug|Win32
		{C64BF73B-CF9D-4BA1-BEB0-120CAB867BFC}.Debug|Win32.Build.0 = Debug|Win32
		{C64BF73B-CF9D-4BA1-BEB0-120CAB867BFC}.Release|Any CPU.ActiveCfg = Release|Win32
		{C64BF73B-CF9D-4BA1-BEB0-120CAB867BFC}.Release|Mixed Platforms.ActiveCfg = Release|Win32
		{C64BF73B-CF9D-4BA1-BEB0-120CAB867BFC}.Release|Mixed Platforms.Build.0 = Release|Win32
		{C64BF73B-CF9D-4BA1-BEB0-120CAB867BFC}.Release|Win32.ActiveCfg = Release|Win32
		{C64BF73B-CF9D-4BA1-BEB0-120CAB867BFC}.Release|Win32.Build.0 = Release|Win32
		{66BB81FF-13F2-4D66-8E7E-E9516EF7821F}.Debug|Any CPU.ActiveCfg = Debug|Win32
		{66BB81FF-13F2-4D66-8E7E-E9516EF7821F}.Debug|Mixed Platforms.ActiveCfg = Debug|Win32
		{66BB81FF-13F2-4D66-8E7E-E9516EF7821F}.Debug|Mixed Platforms.Build.0 = Debug|Win32
		{66BB81FF-13F2-4D66-8E7E-E9516EF7821F}.Debug|Win32.ActiveCfg = Debug|Win32
		{66BB81FF-13F2-4D66-8E7E-E9516EF7821F}.Debug|Win32.Build.0 = Debug|Win32
		{66BB81FF-13F2-4D66-8E7E-E9516EF7821F}.Release|Any CPU.ActiveCfg = Release|Win32
		{66BB81FF-13F2-4D66-8E7E-E9516EF7821F}.Release|Mixed Platforms.ActiveCfg = Release|Win32
		{66BB81FF-13F2-4D66-8E7E-E9516EF7821F}.Release|Mixed Platforms.Build.0 = Release|Win32
		{66BB81FF-13F2-4D66-8E7E-E9516EF7821F}.Release|Win32.ActiveCfg = Release|Win32
		{66BB81FF-13F2-4D66-8E7E-E9516EF7821F}.Release|Win32.Build.0 = Release|Win32
		{4DC39D35-73FD-43CA-898A-803DCD00FF4B}.Debug|Any CPU.ActiveCfg = Debug|Win32
		{4DC39D35-73FD-43CA-898A-803DCD00FF4B}.Debug|Mixed Platforms.ActiveCfg = Debug|Win32
		{4DC39D35-73FD-43CA-898A-803DCD00FF4B}.Debug|Mixed Platforms.Build.0 = Debug|Win32
		{4DC39D35-73FD-43CA-898A-803DCD00FF4B}.Debug|Win32.ActiveCfg = Debug|Win32
		{4DC39D35-73FD-43CA-898A-803DCD00FF4B}.Debug|Win32.Build.0 = Debug|Win32
		{4DC39D35-73FD-43CA-898A-803DCD00FF4B}.Release|Any CPU.ActiveCfg = Release|Win32
		{4DC39D35-73FD-43CA-898A-803DCD00FF4B}.Release|Mixed Platforms.ActiveCfg = Release|Win32
		{4DC39D35-73FD-43CA-898A-803DCD00FF4B}.Release|Mixed Platforms.Build.0 = Release|Win32
		{4DC39D35-73FD-43CA-898A-803DCD00FF4B}.Release|Win32.ActiveCfg = Release|Win32
		{4DC39D35-73FD-43CA-898A-803DCD00FF4B}.Release|Win32.Build.0 = Release|Win32
		{1496DCC8-33B6-DDB8-6AD9-2799EDB69DF2}.Debug|Any CPU.ActiveCfg = Debug|Win32
		{1496DCC8-33B6-DDB8-6AD9-2799EDB69DF2}.Debug|Mixed Platforms.ActiveCfg = Debug|Win32
		{1496DCC8-33B6-DDB8-6AD9-2799EDB69DF2}.Debug|Mixed Platforms.Build.0 = Debug|Win32
		{1496DCC8-33B6-DDB8-6AD9-2799EDB69DF2}.Debug|Win32.ActiveCfg = Debug|Win32
		{1496DCC8-33B6-DDB8-6AD9-2799EDB69DF2}.Debug|Win32.Build.0 = Debug|Win32
		{1496DCC8-33B6-DDB8-6AD9-2799EDB69DF2}.Release|Any CPU.ActiveCfg = Release|Win32
		{1496DCC8-33B6-DDB8-6AD9-2799EDB69DF2}.Release|Mixed Platforms.ActiveCfg = Release|Win32
		{1496DCC8-33B6-DDB8-6AD9-2799EDB69DF2}.Release|Mixed Platforms.Build.0 = Release|Win32
		{1496DCC8-33B6-DDB8-6AD9-2799EDB69DF2}.Release|Win32.ActiveCfg = Release|Win32
		{1496DCC8-33B6-DDB8-6AD9-2799EDB69DF2}.Release|Win32.Build.0 = Release|Win32
		{2F0EC4B6-B3F8-4A05-A884-B935E82E1390}.Debug|Any CPU.ActiveCfg = Debug|Win32
		{2F0EC4B6-B3F8-4A05-A884-B935E82E1390}.Debug|Mixed Platforms.ActiveCfg = Debug|Win32
		{2F0EC4B6-B3F8-4A05-A884-B935E82E1390}.Debug|Mixed Platforms.Build.0 = Debug|Win32
		{2F0EC4B6-B3F8-4A05-A884-B935E82E1390}.Debug|Win32.ActiveCfg = Debug|Win32
		{2F0EC4B6-B3F8-4A05-A884-B935E82E1390}.Debug|Win32.Build.0 = Debug|Win32
		{2F0EC4B6-B3F8-4A05-A884-B935E82E1390}.Release|Any CPU.ActiveCfg = Release|Win32
		{2F0EC4B6-B3F8-4A05-A884-B935E82E1390}.Release|Mixed Platforms.ActiveCfg = Release|Win32
		{2F0EC4B6-B3F8-4A05-A884-B935E82E1390}.Release|Mixed Platforms.Build.0 = Release|Win32
		{2F0EC4B6-B3F8-4A05-A884-B935E82E1390}.Release|Win32.ActiveCfg = Release|Win32
		{2F0EC4B6-B3F8-4A05-A884-B935E82E1390}.Release|Win32.Build.0 = Release|Win32
		{80EE4A35-E029-4E6E-914D-899D409F40DF}.Debug|Any CPU.ActiveCfg = Debug|Win32
		{80EE4A35-E029-4E6E-914D-899D409F40DF}.Debug|Mixed Platforms.ActiveCfg = Debug|Win32
		{80EE4A35-E029-4E6E-914D-899D409F40DF}.Debug|Mixed Platforms.Build.0 = Debug|Win32
		{80EE4A35-E029-4E6E-914D-899D409F40DF}.Debug|Win32.ActiveCfg = Debug|Win32
		{80EE4A35-E029-4E6E-914D-899D409F40DF}.Debug|Win32.Build.0 = Debug|Win32
		{80EE4A35-E029-4E6E-914D-899D409F40DF}.Release|Any CPU.ActiveCfg = Release|Win32
		{80EE4A35-E029-4E6E-914D-899D409F40DF}.Release|Mixed Platforms.ActiveCfg = Release|Win32
		{80EE4A35-E029-4E6E-914D-899D409F40DF}.Release|Mixed Platforms.Build.0 = Release|Win32
		{80EE4A35-E029-4E6E-914D-899D409F40DF}.Release|Win32.ActiveCfg = Release|Win32
		{80EE4A35-E029-4E6E-914D-899D409F40DF}.Release|Win32.Build.0 = Release|Win32
		{7FFD0423-9EE1-4CB9-AAF0-6FC5F82535FF}.Debug|Any CPU.ActiveCfg = Debug|Win32
		{7FFD0423-9EE1-4CB9-AAF0-6FC5F82535FF}.Debug|Mixed Platforms.ActiveCfg = Debug|Win32
		{7FFD0423-9EE1-4CB9-AAF0-6FC5F82535FF}.Debug|Mixed Platforms.Build.0 = Debug|Win32
		{7FFD0423-9EE1-4CB9-AAF0-6FC5F82535FF}.Debug|Win32.ActiveCfg = Debug|Win32
		{7FFD0423-9EE1-4CB9-AAF0-6FC5F82535FF}.Debug|Win32.Build.0 = Debug|Win32
		{7FFD0423-9EE1-4CB9-AAF0-6FC5F82535FF}.Release|Any CPU.ActiveCfg = Release|Win32
		{7FFD0423-9EE1-4CB9-AAF0-6FC5F82535FF}.Release|Mixed Platforms.ActiveCfg = Release|Win32
		{7FFD0423-9EE1-4CB9-AAF0-6FC5F82535FF}.Release|Mixed Platforms.Build.0 = Release|Win32
		{7FFD0423-9EE1-4CB9-AAF0-6FC5F82535FF}.Release|Win32.ActiveCfg = Release|Win32
		{7FFD0423-9EE1-4CB9-AAF0-6FC5F82535FF}.Release|Win32.Build.0 = Release|Win32
		{8F8CEC3C-A384-43A0-9577-FDCD6B430768}.Debug|Any CPU.ActiveCfg = Debug|Win32
		{8F8CEC3C-A384-43A0-9577-FDCD6B430768}.Debug|Mixed Platforms.ActiveCfg = Debug|Win32
		{8F8CEC3C-A384-43A0-9577-FDCD6B430768}.Debug|Mixed Platforms.Build.0 = Debug|Win32
		{8F8CEC3C-A384-43A0-9577-FDCD6B430768}.Debug|Win32.ActiveCfg = Debug|Win32
		{8F8CEC3C-A384-43A0-9577-FDCD6B430768}.Debug|Win32.Build.0 = Debug|Win32
		{8F8CEC3C-A384-43A0-9577-FDCD6B430768}.Release|Any CPU.ActiveCfg = Release|Win32
		{8F8CEC3C-A384-43A0-9577-FDCD6B430768}.Release|Mixed Platforms.ActiveCfg = Release|Win32
		{8F8CEC3C-A384-43A0-9577-FDCD6B430768}.Release|Mixed Platforms.Build.0 = Release|Win32
		{8F8CEC3C-A384-43A0-9577-FDCD6B430768}.Release|Win32.ActiveCfg = Release|Win32
		{8F8CEC3C-A384-43A0-9577-FDCD6B430768}.Release|Win32.Build.0 = Release|Win32
		{92725771-35F6-42F9-98B1-6FC89B8A43A5}.Debug|Any CPU.ActiveCfg = Debug|Win32
		{92725771-35F6-42F9-98B1-6FC89B8A43A5}.Debug|Mixed Platforms.ActiveCfg = Debug|Win32
		{92725771-35F6-42F9-98B1-6FC89B8A43A5}.Debug|Mixed Platforms.Build.0 = Debug|Win32
		{92725771-35F6-42F9-98B1-6FC89B8A43A5}.Debug|Win32.ActiveCfg = Debug|Win32
		{92725771-35F6-42F9-98B1-6FC89B8A43A5}.Debug|Win32.Build.0 = Debug|Win32
		{92725771-35F6-42F9-98B1-6FC89B8A43A5}.Release|Any CPU.ActiveCfg = Release|Win32
		{92725771-35F6-42F9-98B1-6FC89B8A43A5}.Release|Mixed Platforms.ActiveCfg = Release|Win32
		{92725771-35F6-42F9-98B1-6FC89B8A43A5}.Release|Mixed Platforms.Build.0 = Release|Win32
		{92725771-35F6-42F9-98B1-6FC89B8A43A5}.Release|Win32.ActiveCfg = Release|Win32
		{92725771-35F6-42F9-98B1-6FC89B8A43A5}.Release|Win32.Build.0 = Release|Win32
		{39F3B674-77A3-4F55-A634-9432B961C097}.Debug|Any CPU.ActiveCfg = Debug|Win32
		{39F3B674-77A3-4F55-A634-9432B961C097}.Debug|Mixed Platforms.ActiveCfg = Debug|Win32
		{39F3B674-77A3-4F55-A634-9432B961C097}.Debug|Mixed Platforms.Build.0 = Debug|Win32
		{39F3B674-77A3-4F55-A634-9432B961C097}.Debug|Win32.ActiveCfg = Debug|Win32
		{39F3B674-77A3-4F55-A634-9432B961C097}.Debug|Win32.Build.0 = Debug|Win32
		{39F3B674-77A3-4F55-A634-9432B961C097}.Release|Any CPU.ActiveCfg = Release|Win32
		{39F3B674-77A3-4F55-A634-9432B961C097}.Release|Mixed Platforms.ActiveCfg = Release|Win32
		{39F3B674-77A3-4F55-A634-9432B961C097}.Release|Mixed Platforms.Build.0 = Release|Win32
		{39F3B674-77A3-4F55-A634-9432B961C097}.Release|Win32.ActiveCfg = Release|Win32
		{39F3B674-77A3-4F55-A634-9432B961C097}.Release|Win32.Build.0 = Release|Win32
		{54BDFB19-99FE-41F5-9869-6BB997C2491B}.Debug|Any CPU.ActiveCfg = Debug|Win32
		{54BDFB19-99FE-41F5-9869-6BB997C2491B}.Debug|Mixed Platforms.ActiveCfg = Debug|Win32
		{54BDFB19-99FE-41F5-9869-6BB997C2491B}.Debug|Mixed Platforms.Build.0 = Debug|Win32
		{54BDFB19-99FE-41F5-9869-6BB997C2491B}.Debug|Win32.ActiveCfg = Debug|Win32
		{54BDFB19-99FE-41F5-9869-6BB997C2491B}.Debug|Win32.Build.0 = Debug|Win32
		{54BDFB19-99FE-41F5-9869-6BB997C2491B}.Release|Any CPU.ActiveCfg = Release|Win32
		{54BDFB19-99FE-41F5-9869-6BB997C2491B}.Release|Mixed Platforms.ActiveCfg = Release|Win32
		{54BDFB19-99FE-41F5-9869-6BB997C2491B}.Release|Mixed Platforms.Build.0 = Release|Win32
		{54BDFB19-99FE-41F5-9869-6BB997C2491B}.Release|Win32.ActiveCfg = Release|Win32
		{54BDFB19-99FE-41F5-9869-6BB997C2491B}.Release|Win32.Build.0 = Release|Win32
		{9A8680AB-180B-4213-B385-920F3C0E189D}.Debug|Any CPU.ActiveCfg = Debug|Win32
		{9A8680AB-180B-4213-B385-920F3C0E189D}.Debug|Mixed Platforms.ActiveCfg = Debug|Win32
		{9A8680AB-180B-4213-B385-920F3C0E189D}.Debug|Mixed Platforms.Build.0 = Debug|Win32
		{9A8680AB-180B-4213-B385-920F3C0E189D}.Debug|Win32.ActiveCfg = Debug|Win32
		{9A8680AB-180B-4213-B385-920F3C0E189D}.Debug|Win32.Build.0 = Debug|Win32
		{9A8680AB-180B-4213-B385-920F3C0E189D}.Release|Any CPU.ActiveCfg = Release|Win32
		{9A8680AB-180B-4213-B385-920F3C0E189D}.Release|Mixed Platforms.ActiveCfg = Release|Win32
		{9A8680AB-180B-4213-B385-920F3C0E189D}.Release|Mixed Platforms.Build.0 = Release|Win32
		{9A8680AB-180B-4213-B385-920F3C0E189D}.Release|Win32.ActiveCfg = Release|Win32
		{9A8680AB-180B-4213-B385-920F3C0E189D}.Release|Win32.Build.0 = Release|Win32
		{7E990BF6-3E5A-4A1B-9FC7-017BBB278B65}.Debug|Any CPU.ActiveCfg = Debug|Win32
		{7E990BF6-3E5A-4A1B-9FC7-017BBB278B65}.Debug|Mixed Platforms.ActiveCfg = Debug|Win32
		{7E990BF6-3E5A-4A1B-9FC7-017BBB278B65}.Debug|Mixed Platforms.Build.0 = Debug|Win32
		{7E990BF6-3E5A-4A1B-9FC7-017BBB278B65}.Debug|Win32.ActiveCfg = Debug|Win32
		{7E990BF6-3E5A-4A1B-9FC7-017BBB278B65}.Debug|Win32.Build.0 = Debug|Win32
		{7E990BF6-3E5A-4A1B-9FC7-017BBB278B65}.Release|Any CPU.ActiveCfg = Release|Win32
		{7E990BF6-3E5A-4A1B-9FC7-017BBB278B65}.Release|Mixed Platforms.ActiveCfg = Release|Win32
		{7E990BF6-3E5A-4A1B-9FC7-017BBB278B65}.Release|Mixed Platforms.Build.0 = Release|Win32
		{7E990BF6-3E5A-4A1B-9FC7-017BBB278B65}.Release|Win32.ActiveCfg = Release|Win32
		{7E990BF6-3E5A-4A1B-9FC7-017BBB278B65}.Release|Win32.Build.0 = Release|Win32
		{969782E7-F7F0-4C8D-8119-B0FE754ABA03}.Debug|Any CPU.ActiveCfg = Debug|Win32
		{969782E7-F7F0-4C8D-8119-B0FE754ABA03}.Debug|Mixed Platforms.ActiveCfg = Debug|Win32
		{969782E7-F7F0-4C8D-8119-B0FE754ABA03}.Debug|Mixed Platforms.Build.0 = Debug|Win32
		{969782E7-F7F0-4C8D-8119-B0FE754ABA03}.Debug|Win32.ActiveCfg = Debug|Win32
		{969782E7-F7F0-4C8D-8119-B0FE754ABA03}.Debug|Win32.Build.0 = Debug|Win32
		{969782E7-F7F0-4C8D-8119-B0FE754ABA03}.Release|Any CPU.ActiveCfg = Release|Win32
		{969782E7-F7F0-4C8D-8119-B0FE754ABA03}.Release|Mixed Platforms.ActiveCfg = Release|Win32
		{969782E7-F7F0-4C8D-8119-B0FE754ABA03}.Release|Mixed Platforms.Build.0 = Release|Win32
		{969782E7-F7F0-4C8D-8119-B0FE754ABA03}.Release|Win32.ActiveCfg = Release|Win32
		{969782E7-F7F0-4C8D-8119-B0FE754ABA03}.Release|Win32.Build.0 = Release|Win32
		{42D33A9B-F5E5-43F8-8F32-7BBCF7D0DB4E}.Debug|Any CPU.ActiveCfg = Debug|Any CPU
		{42D33A9B-F5E5-43F8-8F32-7BBCF7D0DB4E}.Debug|Any CPU.Build.0 = Debug|Any CPU
		{42D33A9B-F5E5-43F8-8F32-7BBCF7D0DB4E}.Debug|Mixed Platforms.ActiveCfg = Debug|Any CPU
		{42D33A9B-F5E5-43F8-8F32-7BBCF7D0DB4E}.Debug|Mixed Platforms.Build.0 = Debug|Any CPU
		{42D33A9B-F5E5-43F8-8F32-7BBCF7D0DB4E}.Debug|Win32.ActiveCfg = Debug|Any CPU
		{42D33A9B-F5E5-43F8-8F32-7BBCF7D0DB4E}.Release|Any CPU.ActiveCfg = Release|Any CPU
		{42D33A9B-F5E5-43F8-8F32-7BBCF7D0DB4E}.Release|Any CPU.Build.0 = Release|Any CPU
		{42D33A9B-F5E5-43F8-8F32-7BBCF7D0DB4E}.Release|Mixed Platforms.ActiveCfg = Release|Any CPU
		{42D33A9B-F5E5-43F8-8F32-7BBCF7D0DB4E}.Release|Mixed Platforms.Build.0 = Release|Any CPU
		{42D33A9B-F5E5-43F8-8F32-7BBCF7D0DB4E}.Release|Win32.ActiveCfg = Release|Any CPU
		{017E5ED8-6E9A-402D-A1B0-0B9EDF3AFAE4}.Debug|Any CPU.ActiveCfg = Debug|Win32
		{017E5ED8-6E9A-402D-A1B0-0B9EDF3AFAE4}.Debug|Mixed Platforms.ActiveCfg = Debug|Win32
		{017E5ED8-6E9A-402D-A1B0-0B9EDF3AFAE4}.Debug|Mixed Platforms.Build.0 = Debug|Win32
		{017E5ED8-6E9A-402D-A1B0-0B9EDF3AFAE4}.Debug|Win32.ActiveCfg = Debug|Win32
		{017E5ED8-6E9A-402D-A1B0-0B9EDF3AFAE4}.Debug|Win32.Build.0 = Debug|Win32
		{017E5ED8-6E9A-402D-A1B0-0B9EDF3AFAE4}.Release|Any CPU.ActiveCfg = Release|Win32
		{017E5ED8-6E9A-402D-A1B0-0B9EDF3AFAE4}.Release|Mixed Platforms.ActiveCfg = Release|Win32
		{017E5ED8-6E9A-402D-A1B0-0B9EDF3AFAE4}.Release|Mixed Platforms.Build.0 = Release|Win32
		{017E5ED8-6E9A-402D-A1B0-0B9EDF3AFAE4}.Release|Win32.ActiveCfg = Release|Win32
		{017E5ED8-6E9A-402D-A1B0-0B9EDF3AFAE4}.Release|Win32.Build.0 = Release|Win32
		{08AB161E-8037-4E04-BCF4-ABA48A7EEBCB}.Debug|Any CPU.ActiveCfg = Debug|Win32
		{08AB161E-8037-4E04-BCF4-ABA48A7EEBCB}.Debug|Mixed Platforms.ActiveCfg = Debug|Win32
		{08AB161E-8037-4E04-BCF4-ABA48A7EEBCB}.Debug|Mixed Platforms.Build.0 = Debug|Win32
		{08AB161E-8037-4E04-BCF4-ABA48A7EEBCB}.Debug|Win32.ActiveCfg = Debug|Win32
		{08AB161E-8037-4E04-BCF4-ABA48A7EEBCB}.Debug|Win32.Build.0 = Debug|Win32
		{08AB161E-8037-4E04-BCF4-ABA48A7EEBCB}.Release|Any CPU.ActiveCfg = Release|Win32
		{08AB161E-8037-4E04-BCF4-ABA48A7EEBCB}.Release|Mixed Platforms.ActiveCfg = Release|Win32
		{08AB161E-8037-4E04-BCF4-ABA48A7EEBCB}.Release|Mixed Platforms.Build.0 = Release|Win32
		{08AB161E-8037-4E04-BCF4-ABA48A7EEBCB}.Release|Win32.ActiveCfg = Release|Win32
		{08AB161E-8037-4E04-BCF4-ABA48A7EEBCB}.Release|Win32.Build.0 = Release|Win32
		{F03D0F9E-9986-4C7C-8C99-6A0E5D4D3ACC}.Debug|Any CPU.ActiveCfg = Debug|Win32
		{F03D0F9E-9986-4C7C-8C99-6A0E5D4D3ACC}.Debug|Mixed Platforms.ActiveCfg = Debug|Win32
		{F03D0F9E-9986-4C7C-8C99-6A0E5D4D3ACC}.Debug|Mixed Platforms.Build.0 = Debug|Win32
		{F03D0F9E-9986-4C7C-8C99-6A0E5D4D3ACC}.Debug|Win32.ActiveCfg = Debug|Win32
		{F03D0F9E-9986-4C7C-8C99-6A0E5D4D3ACC}.Debug|Win32.Build.0 = Debug|Win32
		{F03D0F9E-9986-4C7C-8C99-6A0E5D4D3ACC}.Release|Any CPU.ActiveCfg = Release|Win32
		{F03D0F9E-9986-4C7C-8C99-6A0E5D4D3ACC}.Release|Mixed Platforms.ActiveCfg = Release|Win32
		{F03D0F9E-9986-4C7C-8C99-6A0E5D4D3ACC}.Release|Mixed Platforms.Build.0 = Release|Win32
		{F03D0F9E-9986-4C7C-8C99-6A0E5D4D3ACC}.Release|Win32.ActiveCfg = Release|Win32
		{F03D0F9E-9986-4C7C-8C99-6A0E5D4D3ACC}.Release|Win32.Build.0 = Release|Win32
	EndGlobalSection
	GlobalSection(SolutionProperties) = preSolution
		HideSolutionNode = FALSE
	EndGlobalSection
	GlobalSection(NestedProjects) = preSolution
		{200B7BB8-D3BE-4A90-84E1-DAF9B734E1E6} = {A556A84F-A9A7-48BC-AC55-E8290333B5FB}
		{0283BB95-9E0D-4BA9-AACB-884CDF9952A3} = {A556A84F-A9A7-48BC-AC55-E8290333B5FB}
		{C64BF73B-CF9D-4BA1-BEB0-120CAB867BFC} = {A556A84F-A9A7-48BC-AC55-E8290333B5FB}
		{66BB81FF-13F2-4D66-8E7E-E9516EF7821F} = {A556A84F-A9A7-48BC-AC55-E8290333B5FB}
		{5D357560-4B6E-4373-B461-30AD7B31DEC6} = {A556A84F-A9A7-48BC-AC55-E8290333B5FB}
		{1496DCC8-33B6-DDB8-6AD9-2799EDB69DF2} = {9598C5A2-2501-4802-AEB9-8981220AA618}
		{4DC39D35-73FD-43CA-898A-803DCD00FF4B} = {9598C5A2-2501-4802-AEB9-8981220AA618}
		{A8D40A0E-51F2-49E8-876B-157C29C87507} = {9598C5A2-2501-4802-AEB9-8981220AA618}
		{8F8CEC3C-A384-43A0-9577-FDCD6B430768} = {9598C5A2-2501-4802-AEB9-8981220AA618}
		{969782E7-F7F0-4C8D-8119-B0FE754ABA03} = {9598C5A2-2501-4802-AEB9-8981220AA618}
		{2F0EC4B6-B3F8-4A05-A884-B935E82E1390} = {A8D40A0E-51F2-49E8-876B-157C29C87507}
		{80EE4A35-E029-4E6E-914D-899D409F40DF} = {A8D40A0E-51F2-49E8-876B-157C29C87507}
		{7FFD0423-9EE1-4CB9-AAF0-6FC5F82535FF} = {A8D40A0E-51F2-49E8-876B-157C29C87507}
		{92725771-35F6-42F9-98B1-6FC89B8A43A5} = {BCE2B4E5-4D59-4EC4-92CE-06BF37923BE0}
		{54BDFB19-99FE-41F5-9869-6BB997C2491B} = {BCE2B4E5-4D59-4EC4-92CE-06BF37923BE0}
		{9A8680AB-180B-4213-B385-920F3C0E189D} = {BCE2B4E5-4D59-4EC4-92CE-06BF37923BE0}
		{7E990BF6-3E5A-4A1B-9FC7-017BBB278B65} = {BCE2B4E5-4D59-4EC4-92CE-06BF37923BE0}
		{08AB161E-8037-4E04-BCF4-ABA48A7EEBCB} = {F37BEB8E-A8F3-47E2-BED1-A2E30BB64706}
		{39F3B674-77A3-4F55-A634-9432B961C097} = {9EDC91AA-D36D-4FCE-AA72-FA0212CC7A5E}
		{42D33A9B-F5E5-43F8-8F32-7BBCF7D0DB4E} = {9EDC91AA-D36D-4FCE-AA72-FA0212CC7A5E}
		{017E5ED8-6E9A-402D-A1B0-0B9EDF3AFAE4} = {9EDC91AA-D36D-4FCE-AA72-FA0212CC7A5E}
		{F03D0F9E-9986-4C7C-8C99-6A0E5D4D3ACC} = {9EDC91AA-D36D-4FCE-AA72-FA0212CC7A5E}
	EndGlobalSection
EndGlobal
