<?xml version="1.0" encoding="utf-8"?>
<Project ToolsVersion="4.0" xmlns="http://schemas.microsoft.com/developer/msbuild/2003">
  <ItemGroup>
    <Filter Include="源文件">
      <UniqueIdentifier>{4FC737F1-C7A5-4376-A066-2A32D752A2FF}</UniqueIdentifier>
      <Extensions>cpp;c;cc;cxx;def;odl;idl;hpj;bat;asm;asmx</Extensions>
    </Filter>
    <Filter Include="头文件">
      <UniqueIdentifier>{93995380-89BD-4b04-88EB-625FBE52EBFB}</UniqueIdentifier>
      <Extensions>h;hh;hpp;hxx;hm;inl;inc;xsd</Extensions>
    </Filter>
    <Filter Include="资源文件">
      <UniqueIdentifier>{67DA6AB6-F800-4c08-8B7A-83BB121AAD01}</UniqueIdentifier>
      <Extensions>rc;ico;cur;bmp;dlg;rc2;rct;bin;rgs;gif;jpg;jpeg;jpe;resx;tiff;tif;png;wav;mfcribbon-ms</Extensions>
    </Filter>
    <Filter Include="Common">
      <UniqueIdentifier>{aa433e80-8c84-4bb3-8c6a-181dd62599e3}</UniqueIdentifier>
    </Filter>
    <Filter Include="Util">
      <UniqueIdentifier>{8d5c2e8e-8f56-471b-b0f3-53e824681eff}</UniqueIdentifier>
    </Filter>
  </ItemGroup>
  <ItemGroup>
    <Text Include="ReadMe.txt" />
  </ItemGroup>
  <ItemGroup>
    <ClCompile Include="BiteThroldTrain.cpp">
      <Filter>源文件</Filter>
    </ClCompile>
    <ClCompile Include="dllmain.cpp">
      <Filter>源文件</Filter>
    </ClCompile>
    <ClCompile Include="stdafx.cpp">
      <Filter>源文件</Filter>
    </ClCompile>
    <ClCompile Include="..\Common\ManagedData.cpp">
      <Filter>Common</Filter>
    </ClCompile>
    <ClCompile Include="..\Common\Streamoper.cpp">
      <Filter>Common</Filter>
    </ClCompile>
    <ClCompile Include="..\Common\Stringoper.cpp">
      <Filter>Common</Filter>
    </ClCompile>
    <ClCompile Include="BiteThroldWnd.cpp">
      <Filter>源文件</Filter>
    </ClCompile>
    <ClCompile Include="..\Util\ExtWndShadow.cpp">
      <Filter>Util</Filter>
    </ClCompile>
    <ClCompile Include="BiteCfgDlg.cpp">
      <Filter>源文件</Filter>
    </ClCompile>
    <ClCompile Include="..\Util\CommonUtile.cpp">
      <Filter>Util</Filter>
    </ClCompile>
    <ClCompile Include="..\Common\AlgParamConfig.cpp">
      <Filter>Common</Filter>
    </ClCompile>
    <ClCompile Include="..\Util\FiltFilt.cpp">
      <Filter>Util</Filter>
    </ClCompile>
    <ClCompile Include="..\Util\ThreadUtil.cpp">
      <Filter>Util</Filter>
    </ClCompile>
    <ClCompile Include="..\Common\BaseTrainWnd.cpp">
      <Filter>Common</Filter>
    </ClCompile>
    <ClCompile Include="..\Common\BaseArth.cpp">
      <Filter>Common</Filter>
    </ClCompile>
    <ClCompile Include="CalcuteColor.cpp">
      <Filter>源文件</Filter>
    </ClCompile>
  </ItemGroup>
  <ItemGroup>
    <None Include="BiteThroldTrain.def">
      <Filter>源文件</Filter>
    </None>
    <None Include="res\BiteThroldTrain.rc2">
      <Filter>资源文件</Filter>
    </None>
  </ItemGroup>
  <ItemGroup>
    <ClInclude Include="stdafx.h">
      <Filter>头文件</Filter>
    </ClInclude>
    <ClInclude Include="targetver.h">
      <Filter>头文件</Filter>
    </ClInclude>
    <ClInclude Include="Resource.h">
      <Filter>头文件</Filter>
    </ClInclude>
    <ClInclude Include="..\Common\ITrainMsg.h">
      <Filter>Common</Filter>
    </ClInclude>
    <ClInclude Include="..\Common\ManagedData.h">
      <Filter>Common</Filter>
    </ClInclude>
    <ClInclude Include="..\Common\Streamoper.h">
      <Filter>Common</Filter>
    </ClInclude>
    <ClInclude Include="..\Common\Stringoper.h">
      <Filter>Common</Filter>
    </ClInclude>
    <ClInclude Include="..\Common\Structdefine.h">
      <Filter>Common</Filter>
    </ClInclude>
    <ClInclude Include="BiteThroldWnd.h">
      <Filter>头文件</Filter>
    </ClInclude>
    <ClInclude Include="..\Util\ExtWndShadow.h">
      <Filter>Util</Filter>
    </ClInclude>
    <ClInclude Include="BiteCfgDlg.h">
      <Filter>头文件</Filter>
    </ClInclude>
    <ClInclude Include="..\Util\CommonUtile.h">
      <Filter>Util</Filter>
    </ClInclude>
    <ClInclude Include="..\Common\AlgParamConfig.h">
      <Filter>Common</Filter>
    </ClInclude>
    <ClInclude Include="..\Util\FiltFilt.h">
      <Filter>Util</Filter>
    </ClInclude>
    <ClInclude Include="..\Util\ThreadUtil.h">
      <Filter>Util</Filter>
    </ClInclude>
    <ClInclude Include="..\Common\BaseTrainWnd.h">
      <Filter>Common</Filter>
    </ClInclude>
    <ClInclude Include="..\Common\BaseArth.h">
      <Filter>Common</Filter>
    </ClInclude>
    <ClInclude Include="CalcuteColor.h">
      <Filter>头文件</Filter>
    </ClInclude>
  </ItemGroup>
  <ItemGroup>
    <ResourceCompile Include="BiteThroldTrain.rc">
      <Filter>资源文件</Filter>
    </ResourceCompile>
  </ItemGroup>
</Project>